
Microsoft Visual Studio Solution File, Format Version 12.00
# Visual Studio Version 17
VisualStudioVersion = 17.6.33723.286
MinimumVisualStudioVersion = 10.0.40219.1
Project("{9A19103F-16F7-4668-BE54-9A1E7A4F7556}") = "IdentityServer", "IdentityServer.csproj", "{E06F4EBD-4CC3-4B6B-A60C-E2FCFD68E3C8}"
EndProject
Global
	GlobalSection(SolutionConfigurationPlatforms) = preSolution
		Debug|Any CPU = Debug|Any CPU
		Release|Any CPU = Release|Any CPU
	EndGlobalSection
	GlobalSection(ProjectConfigurationPlatforms) = postSolution
		{E06F4EBD-4CC3-4B6B-A60C-E2FCFD68E3C8}.Debug|Any CPU.ActiveCfg = Debug|Any CPU
		{E06F4EBD-4CC3-4B6B-A60C-E2FCFD68E3C8}.Debug|Any CPU.Build.0 = Debug|Any CPU
		{E06F4EBD-4CC3-4B6B-A60C-E2FCFD68E3C8}.Release|Any CPU.ActiveCfg = Release|Any CPU
		{E06F4EBD-4CC3-4B6B-A60C-E2FCFD68E3C8}.Release|Any CPU.Build.0 = Release|Any CPU
	EndGlobalSection
	GlobalSection(SolutionProperties) = preSolution
		HideSolutionNode = FALSE
	EndGlobalSection
	GlobalSection(ExtensibilityGlobals) = postSolution
		SolutionGuid = {CB4B8076-6831-4139-90D5-68603A753995}
	EndGlobalSection
EndGlobal
